
Microsoft Visual Studio Solution File, Format Version 12.00
# Visual Studio Version 16
VisualStudioVersion = 16.0.30320.27
MinimumVisualStudioVersion = 10.0.40219.1
Project("{FAE04EC0-301F-11D3-BF4B-00C04F79EFBC}") = "CSharp swapping two variables", "CSharp swapping two variables\CSharp swapping two variables.csproj", "{539C89CC-AB0A-4394-94B0-EC6A08AB2912}"
EndProject
Global
	GlobalSection(SolutionConfigurationPlatforms) = preSolution
		Debug|Any CPU = Debug|Any CPU
		Release|Any CPU = Release|Any CPU
	EndGlobalSection
	GlobalSection(ProjectConfigurationPlatforms) = postSolution
		{539C89CC-AB0A-4394-94B0-EC6A08AB2912}.Debug|Any CPU.ActiveCfg = Debug|Any CPU
		{539C89CC-AB0A-4394-94B0-EC6A08AB2912}.Debug|Any CPU.Build.0 = Debug|Any CPU
		{539C89CC-AB0A-4394-94B0-EC6A08AB2912}.Release|Any CPU.ActiveCfg = Release|Any CPU
		{539C89CC-AB0A-4394-94B0-EC6A08AB2912}.Release|Any CPU.Build.0 = Release|Any CPU
	EndGlobalSection
	GlobalSection(SolutionProperties) = preSolution
		HideSolutionNode = FALSE
	EndGlobalSection
	GlobalSection(ExtensibilityGlobals) = postSolution
		SolutionGuid = {43D544B1-83C4-4FC0-B99B-4AB4DCBC77D1}
	EndGlobalSection
EndGlobal
